
Microsoft Visual Studio Solution File, Format Version 12.00
# Visual Studio 15
VisualStudioVersion = 15.0.27130.2027
MinimumVisualStudioVersion = 10.0.40219.1
Project("{2150E333-8FDC-42A3-9474-1A3956D46DE8}") = "1.Presentation", "1.Presentation", "{24E09542-2BED-47D1-AA86-6F72837EDDEA}"
EndProject
Project("{2150E333-8FDC-42A3-9474-1A3956D46DE8}") = "4.Domain", "4.Domain", "{BDD97FDC-6B29-44D6-9C58-9E173712054C}"
EndProject
Project("{2150E333-8FDC-42A3-9474-1A3956D46DE8}") = "5.Infra", "5.Infra", "{F34E94BE-545F-4502-8962-FF310DFBED59}"
EndProject
Project("{2150E333-8FDC-42A3-9474-1A3956D46DE8}") = "6.Tests", "6.Tests", "{36AE0625-E3E9-4678-BC80-56A9F6415E9D}"
EndProject
Project("{9A19103F-16F7-4668-BE54-9A1E7A4F7556}") = "Scorponok.IB.Core", "src\Scorponok.IB.Core\Scorponok.IB.Core.csproj", "{9AFD630A-034D-4BBE-9B96-A6FDDC2F922C}"
EndProject
Project("{9A19103F-16F7-4668-BE54-9A1E7A4F7556}") = "Scorponok.IB.Unit.Tests", "src\Scorponok.IB.Unit.Tests\Scorponok.IB.Unit.Tests.csproj", "{053CFCCD-F76C-47BA-86B5-71FE5BAEA7A0}"
EndProject
Project("{9A19103F-16F7-4668-BE54-9A1E7A4F7556}") = "Scorponok.IB.Domain", "src\Scorponok.IB.Domain\Scorponok.IB.Domain.csproj", "{6FDB3EE1-14B5-4734-AE07-1A87B7EB9C52}"
EndProject
Project("{9A19103F-16F7-4668-BE54-9A1E7A4F7556}") = "Scorponok.IB.Unit.Integration.Tests", "src\Scorponok.IB.Unit.Integration.Tests\Scorponok.IB.Unit.Integration.Tests.csproj", "{6A5BAD4A-7B00-4D48-AB94-5FBC93DE6477}"
EndProject
Project("{9A19103F-16F7-4668-BE54-9A1E7A4F7556}") = "Scorponok.IB.Cqrs.Data", "src\Scorponok.IB.Cqrs.Pagamento.Data\Scorponok.IB.Cqrs.Data.csproj", "{DDEE910D-BFD4-4DDB-AA1A-1BCE40335BD1}"
EndProject
Project("{9A19103F-16F7-4668-BE54-9A1E7A4F7556}") = "Scorponok.IB.Cross.Cutting.Bus", "src\Scorponok.IB.Cross.Cutting.Bus\Scorponok.IB.Cross.Cutting.Bus.csproj", "{FC404B7A-BD4A-47C2-A0C3-EA2CB2DC31F1}"
EndProject
Project("{9A19103F-16F7-4668-BE54-9A1E7A4F7556}") = "Scorponok.IB.Web.Api", "src\Scorponok.IB.Web.Api\Scorponok.IB.Web.Api.csproj", "{75CBF35C-39D4-4CA0-B8B3-AB46D42FCAEC}"
EndProject
Project("{2150E333-8FDC-42A3-9474-1A3956D46DE8}") = "3.Application", "3.Application", "{934A7CCA-132A-4D9A-8175-DD0FCFCB5B67}"
EndProject
Project("{FAE04EC0-301F-11D3-BF4B-00C04F79EFBC}") = "Scorponok.IB.Application", "src\Scorponok.IB.Application\Scorponok.IB.Application.csproj", "{4ECD5CB0-D0F8-4862-8B3E-57748527E2A2}"
EndProject
Global
	GlobalSection(SolutionConfigurationPlatforms) = preSolution
		Debug|Any CPU = Debug|Any CPU
		Release|Any CPU = Release|Any CPU
	EndGlobalSection
	GlobalSection(ProjectConfigurationPlatforms) = postSolution
		{9AFD630A-034D-4BBE-9B96-A6FDDC2F922C}.Debug|Any CPU.ActiveCfg = Debug|Any CPU
		{9AFD630A-034D-4BBE-9B96-A6FDDC2F922C}.Debug|Any CPU.Build.0 = Debug|Any CPU
		{9AFD630A-034D-4BBE-9B96-A6FDDC2F922C}.Release|Any CPU.ActiveCfg = Release|Any CPU
		{9AFD630A-034D-4BBE-9B96-A6FDDC2F922C}.Release|Any CPU.Build.0 = Release|Any CPU
		{053CFCCD-F76C-47BA-86B5-71FE5BAEA7A0}.Debug|Any CPU.ActiveCfg = Debug|Any CPU
		{053CFCCD-F76C-47BA-86B5-71FE5BAEA7A0}.Debug|Any CPU.Build.0 = Debug|Any CPU
		{053CFCCD-F76C-47BA-86B5-71FE5BAEA7A0}.Release|Any CPU.ActiveCfg = Release|Any CPU
		{053CFCCD-F76C-47BA-86B5-71FE5BAEA7A0}.Release|Any CPU.Build.0 = Release|Any CPU
		{6FDB3EE1-14B5-4734-AE07-1A87B7EB9C52}.Debug|Any CPU.ActiveCfg = Debug|Any CPU
		{6FDB3EE1-14B5-4734-AE07-1A87B7EB9C52}.Debug|Any CPU.Build.0 = Debug|Any CPU
		{6FDB3EE1-14B5-4734-AE07-1A87B7EB9C52}.Release|Any CPU.ActiveCfg = Release|Any CPU
		{6FDB3EE1-14B5-4734-AE07-1A87B7EB9C52}.Release|Any CPU.Build.0 = Release|Any CPU
		{6A5BAD4A-7B00-4D48-AB94-5FBC93DE6477}.Debug|Any CPU.ActiveCfg = Debug|Any CPU
		{6A5BAD4A-7B00-4D48-AB94-5FBC93DE6477}.Debug|Any CPU.Build.0 = Debug|Any CPU
		{6A5BAD4A-7B00-4D48-AB94-5FBC93DE6477}.Release|Any CPU.ActiveCfg = Release|Any CPU
		{6A5BAD4A-7B00-4D48-AB94-5FBC93DE6477}.Release|Any CPU.Build.0 = Release|Any CPU
		{DDEE910D-BFD4-4DDB-AA1A-1BCE40335BD1}.Debug|Any CPU.ActiveCfg = Debug|Any CPU
		{DDEE910D-BFD4-4DDB-AA1A-1BCE40335BD1}.Debug|Any CPU.Build.0 = Debug|Any CPU
		{DDEE910D-BFD4-4DDB-AA1A-1BCE40335BD1}.Release|Any CPU.ActiveCfg = Release|Any CPU
		{DDEE910D-BFD4-4DDB-AA1A-1BCE40335BD1}.Release|Any CPU.Build.0 = Release|Any CPU
		{FC404B7A-BD4A-47C2-A0C3-EA2CB2DC31F1}.Debug|Any CPU.ActiveCfg = Debug|Any CPU
		{FC404B7A-BD4A-47C2-A0C3-EA2CB2DC31F1}.Debug|Any CPU.Build.0 = Debug|Any CPU
		{FC404B7A-BD4A-47C2-A0C3-EA2CB2DC31F1}.Release|Any CPU.ActiveCfg = Release|Any CPU
		{FC404B7A-BD4A-47C2-A0C3-EA2CB2DC31F1}.Release|Any CPU.Build.0 = Release|Any CPU
		{75CBF35C-39D4-4CA0-B8B3-AB46D42FCAEC}.Debug|Any CPU.ActiveCfg = Debug|Any CPU
		{75CBF35C-39D4-4CA0-B8B3-AB46D42FCAEC}.Debug|Any CPU.Build.0 = Debug|Any CPU
		{75CBF35C-39D4-4CA0-B8B3-AB46D42FCAEC}.Release|Any CPU.ActiveCfg = Release|Any CPU
		{75CBF35C-39D4-4CA0-B8B3-AB46D42FCAEC}.Release|Any CPU.Build.0 = Release|Any CPU
		{4ECD5CB0-D0F8-4862-8B3E-57748527E2A2}.Debug|Any CPU.ActiveCfg = Debug|Any CPU
		{4ECD5CB0-D0F8-4862-8B3E-57748527E2A2}.Debug|Any CPU.Build.0 = Debug|Any CPU
		{4ECD5CB0-D0F8-4862-8B3E-57748527E2A2}.Release|Any CPU.ActiveCfg = Release|Any CPU
		{4ECD5CB0-D0F8-4862-8B3E-57748527E2A2}.Release|Any CPU.Build.0 = Release|Any CPU
	EndGlobalSection
	GlobalSection(SolutionProperties) = preSolution
		HideSolutionNode = FALSE
	EndGlobalSection
	GlobalSection(NestedProjects) = preSolution
		{9AFD630A-034D-4BBE-9B96-A6FDDC2F922C} = {BDD97FDC-6B29-44D6-9C58-9E173712054C}
		{053CFCCD-F76C-47BA-86B5-71FE5BAEA7A0} = {36AE0625-E3E9-4678-BC80-56A9F6415E9D}
		{6FDB3EE1-14B5-4734-AE07-1A87B7EB9C52} = {BDD97FDC-6B29-44D6-9C58-9E173712054C}
		{6A5BAD4A-7B00-4D48-AB94-5FBC93DE6477} = {36AE0625-E3E9-4678-BC80-56A9F6415E9D}
		{DDEE910D-BFD4-4DDB-AA1A-1BCE40335BD1} = {F34E94BE-545F-4502-8962-FF310DFBED59}
		{FC404B7A-BD4A-47C2-A0C3-EA2CB2DC31F1} = {F34E94BE-545F-4502-8962-FF310DFBED59}
		{75CBF35C-39D4-4CA0-B8B3-AB46D42FCAEC} = {24E09542-2BED-47D1-AA86-6F72837EDDEA}
		{4ECD5CB0-D0F8-4862-8B3E-57748527E2A2} = {934A7CCA-132A-4D9A-8175-DD0FCFCB5B67}
	EndGlobalSection
	GlobalSection(ExtensibilityGlobals) = postSolution
		SolutionGuid = {F4FCCA8A-4AF5-4947-8F37-74F9A0048417}
	EndGlobalSection
EndGlobal
